
Microsoft Visual Studio Solution File, Format Version 12.00
# Visual Studio Version 16
VisualStudioVersion = 16.0.31129.286
MinimumVisualStudioVersion = 10.0.40219.1
Project("{9A19103F-16F7-4668-BE54-9A1E7A4F7556}") = "GamesLoan.Api", "GamesLoan.Api\GamesLoan.Api.csproj", "{4E69E110-0D0B-42E2-B4C6-72FE7CFFDB1F}"
EndProject
Project("{2150E333-8FDC-42A3-9474-1A3956D46DE8}") = "Core", "Core", "{5F7364A4-ED85-4952-B394-4854AB9EEF05}"
EndProject
Project("{2150E333-8FDC-42A3-9474-1A3956D46DE8}") = "Infrastructure", "Infrastructure", "{6844B8FC-4296-4D81-882B-027B602769BA}"
EndProject
Project("{2150E333-8FDC-42A3-9474-1A3956D46DE8}") = "WebApi", "WebApi", "{180A7C57-38F6-4029-8CB5-34953908C166}"
EndProject
Project("{9A19103F-16F7-4668-BE54-9A1E7A4F7556}") = "GamesLoan.Application", "GamesLoan.Application\GamesLoan.Application.csproj", "{A5BCE350-731D-4135-B614-2C98EB32651C}"
EndProject
Project("{9A19103F-16F7-4668-BE54-9A1E7A4F7556}") = "GamesLoan.Application.Interfaces", "GamesLoan.Application.Interfaces\GamesLoan.Application.Interfaces.csproj", "{0D8200C2-64C5-4CDD-99F1-FD3DED0C04D9}"
EndProject
Project("{9A19103F-16F7-4668-BE54-9A1E7A4F7556}") = "GamesLoan.Application.IoC", "GamesLoan.Application.IoC\GamesLoan.Application.IoC.csproj", "{7CB9B062-7D1A-480A-837B-E701B444D63F}"
EndProject
Project("{9A19103F-16F7-4668-BE54-9A1E7A4F7556}") = "GamesLoan.Domain", "GamesLoan.Domain\GamesLoan.Domain.csproj", "{1A21A696-7CAE-4886-B1B1-06E6946E6447}"
EndProject
Project("{2150E333-8FDC-42A3-9474-1A3956D46DE8}") = "Tests", "Tests", "{8B1734F3-51E4-4818-B7EB-1336616B92E8}"
EndProject
Project("{9A19103F-16F7-4668-BE54-9A1E7A4F7556}") = "GamesLoan.Infrastructure", "GamesLoan.Infrastructure\GamesLoan.Infrastructure.csproj", "{42F420EF-40F5-4855-9898-4798EA487486}"
EndProject
Project("{9A19103F-16F7-4668-BE54-9A1E7A4F7556}") = "GamesLoan.Infrastructure.Interfaces", "GamesLoan.Infrastructure.Interfaces\GamesLoan.Infrastructure.Interfaces.csproj", "{C72667E1-F996-4823-B652-9EE69B7EAE59}"
EndProject
Project("{9A19103F-16F7-4668-BE54-9A1E7A4F7556}") = "GamesLoan.Infrastructure.IoC", "GamesLoan.Infrastructure.IoC\GamesLoan.Infrastructure.IoC.csproj", "{3CF4A7DE-4ADC-4438-BDAE-0AB68D6E1094}"
EndProject
Project("{9A19103F-16F7-4668-BE54-9A1E7A4F7556}") = "GamesLoan.Application.Test", "GamesLoan.Application.Test\GamesLoan.Application.Test.csproj", "{ACCD4069-64F8-4A9E-A98E-8EB6BF23A553}"
EndProject
Project("{E53339B2-1760-4266-BCC7-CA923CBCF16C}") = "docker-compose", "docker-compose.dcproj", "{BD986C39-ABB0-4A42-8F40-A6CF53E3D26B}"
EndProject
Global
	GlobalSection(SolutionConfigurationPlatforms) = preSolution
		Debug|Any CPU = Debug|Any CPU
		Release|Any CPU = Release|Any CPU
	EndGlobalSection
	GlobalSection(ProjectConfigurationPlatforms) = postSolution
		{4E69E110-0D0B-42E2-B4C6-72FE7CFFDB1F}.Debug|Any CPU.ActiveCfg = Debug|Any CPU
		{4E69E110-0D0B-42E2-B4C6-72FE7CFFDB1F}.Debug|Any CPU.Build.0 = Debug|Any CPU
		{4E69E110-0D0B-42E2-B4C6-72FE7CFFDB1F}.Release|Any CPU.ActiveCfg = Release|Any CPU
		{4E69E110-0D0B-42E2-B4C6-72FE7CFFDB1F}.Release|Any CPU.Build.0 = Release|Any CPU
		{A5BCE350-731D-4135-B614-2C98EB32651C}.Debug|Any CPU.ActiveCfg = Debug|Any CPU
		{A5BCE350-731D-4135-B614-2C98EB32651C}.Debug|Any CPU.Build.0 = Debug|Any CPU
		{A5BCE350-731D-4135-B614-2C98EB32651C}.Release|Any CPU.ActiveCfg = Release|Any CPU
		{A5BCE350-731D-4135-B614-2C98EB32651C}.Release|Any CPU.Build.0 = Release|Any CPU
		{0D8200C2-64C5-4CDD-99F1-FD3DED0C04D9}.Debug|Any CPU.ActiveCfg = Debug|Any CPU
		{0D8200C2-64C5-4CDD-99F1-FD3DED0C04D9}.Debug|Any CPU.Build.0 = Debug|Any CPU
		{0D8200C2-64C5-4CDD-99F1-FD3DED0C04D9}.Release|Any CPU.ActiveCfg = Release|Any CPU
		{0D8200C2-64C5-4CDD-99F1-FD3DED0C04D9}.Release|Any CPU.Build.0 = Release|Any CPU
		{7CB9B062-7D1A-480A-837B-E701B444D63F}.Debug|Any CPU.ActiveCfg = Debug|Any CPU
		{7CB9B062-7D1A-480A-837B-E701B444D63F}.Debug|Any CPU.Build.0 = Debug|Any CPU
		{7CB9B062-7D1A-480A-837B-E701B444D63F}.Release|Any CPU.ActiveCfg = Release|Any CPU
		{7CB9B062-7D1A-480A-837B-E701B444D63F}.Release|Any CPU.Build.0 = Release|Any CPU
		{1A21A696-7CAE-4886-B1B1-06E6946E6447}.Debug|Any CPU.ActiveCfg = Debug|Any CPU
		{1A21A696-7CAE-4886-B1B1-06E6946E6447}.Debug|Any CPU.Build.0 = Debug|Any CPU
		{1A21A696-7CAE-4886-B1B1-06E6946E6447}.Release|Any CPU.ActiveCfg = Release|Any CPU
		{1A21A696-7CAE-4886-B1B1-06E6946E6447}.Release|Any CPU.Build.0 = Release|Any CPU
		{42F420EF-40F5-4855-9898-4798EA487486}.Debug|Any CPU.ActiveCfg = Debug|Any CPU
		{42F420EF-40F5-4855-9898-4798EA487486}.Debug|Any CPU.Build.0 = Debug|Any CPU
		{42F420EF-40F5-4855-9898-4798EA487486}.Release|Any CPU.ActiveCfg = Release|Any CPU
		{42F420EF-40F5-4855-9898-4798EA487486}.Release|Any CPU.Build.0 = Release|Any CPU
		{C72667E1-F996-4823-B652-9EE69B7EAE59}.Debug|Any CPU.ActiveCfg = Debug|Any CPU
		{C72667E1-F996-4823-B652-9EE69B7EAE59}.Debug|Any CPU.Build.0 = Debug|Any CPU
		{C72667E1-F996-4823-B652-9EE69B7EAE59}.Release|Any CPU.ActiveCfg = Release|Any CPU
		{C72667E1-F996-4823-B652-9EE69B7EAE59}.Release|Any CPU.Build.0 = Release|Any CPU
		{3CF4A7DE-4ADC-4438-BDAE-0AB68D6E1094}.Debug|Any CPU.ActiveCfg = Debug|Any CPU
		{3CF4A7DE-4ADC-4438-BDAE-0AB68D6E1094}.Debug|Any CPU.Build.0 = Debug|Any CPU
		{3CF4A7DE-4ADC-4438-BDAE-0AB68D6E1094}.Release|Any CPU.ActiveCfg = Release|Any CPU
		{3CF4A7DE-4ADC-4438-BDAE-0AB68D6E1094}.Release|Any CPU.Build.0 = Release|Any CPU
		{ACCD4069-64F8-4A9E-A98E-8EB6BF23A553}.Debug|Any CPU.ActiveCfg = Debug|Any CPU
		{ACCD4069-64F8-4A9E-A98E-8EB6BF23A553}.Debug|Any CPU.Build.0 = Debug|Any CPU
		{ACCD4069-64F8-4A9E-A98E-8EB6BF23A553}.Release|Any CPU.ActiveCfg = Release|Any CPU
		{ACCD4069-64F8-4A9E-A98E-8EB6BF23A553}.Release|Any CPU.Build.0 = Release|Any CPU
		{BD986C39-ABB0-4A42-8F40-A6CF53E3D26B}.Debug|Any CPU.ActiveCfg = Debug|Any CPU
		{BD986C39-ABB0-4A42-8F40-A6CF53E3D26B}.Debug|Any CPU.Build.0 = Debug|Any CPU
		{BD986C39-ABB0-4A42-8F40-A6CF53E3D26B}.Release|Any CPU.ActiveCfg = Release|Any CPU
		{BD986C39-ABB0-4A42-8F40-A6CF53E3D26B}.Release|Any CPU.Build.0 = Release|Any CPU
	EndGlobalSection
	GlobalSection(SolutionProperties) = preSolution
		HideSolutionNode = FALSE
	EndGlobalSection
	GlobalSection(NestedProjects) = preSolution
		{4E69E110-0D0B-42E2-B4C6-72FE7CFFDB1F} = {180A7C57-38F6-4029-8CB5-34953908C166}
		{A5BCE350-731D-4135-B614-2C98EB32651C} = {5F7364A4-ED85-4952-B394-4854AB9EEF05}
		{0D8200C2-64C5-4CDD-99F1-FD3DED0C04D9} = {5F7364A4-ED85-4952-B394-4854AB9EEF05}
		{7CB9B062-7D1A-480A-837B-E701B444D63F} = {5F7364A4-ED85-4952-B394-4854AB9EEF05}
		{1A21A696-7CAE-4886-B1B1-06E6946E6447} = {5F7364A4-ED85-4952-B394-4854AB9EEF05}
		{42F420EF-40F5-4855-9898-4798EA487486} = {6844B8FC-4296-4D81-882B-027B602769BA}
		{C72667E1-F996-4823-B652-9EE69B7EAE59} = {6844B8FC-4296-4D81-882B-027B602769BA}
		{3CF4A7DE-4ADC-4438-BDAE-0AB68D6E1094} = {6844B8FC-4296-4D81-882B-027B602769BA}
		{ACCD4069-64F8-4A9E-A98E-8EB6BF23A553} = {8B1734F3-51E4-4818-B7EB-1336616B92E8}
	EndGlobalSection
	GlobalSection(ExtensibilityGlobals) = postSolution
		SolutionGuid = {3D8E0E9B-385F-44D4-AEEF-56DDDE43BA65}
	EndGlobalSection
EndGlobal
